
Microsoft Visual Studio Solution File, Format Version 12.00
# Visual Studio 15
VisualStudioVersion = 15.0.28307.902
MinimumVisualStudioVersion = 10.0.40219.1
Project("{FAE04EC0-301F-11D3-BF4B-00C04F79EFBC}") = "PL", "PL\PL.csproj", "{C778A803-FAD7-410A-B966-354A6F36E5C0}"
EndProject
Project("{FAE04EC0-301F-11D3-BF4B-00C04F79EFBC}") = "BE", "BE\BE.csproj", "{72889AE4-90D5-463F-8688-E282833F09A4}"
EndProject
Project("{FAE04EC0-301F-11D3-BF4B-00C04F79EFBC}") = "DAL", "DAL\DAL.csproj", "{147534AD-4331-4C49-B9D2-524B4BDA8283}"
EndProject
Project("{FAE04EC0-301F-11D3-BF4B-00C04F79EFBC}") = "BL", "BL\BL.csproj", "{76CE4972-4692-44A9-8CA7-5FDA083DC48C}"
EndProject
Project("{FAE04EC0-301F-11D3-BF4B-00C04F79EFBC}") = "DS", "DS\DS.csproj", "{315363C1-BDB5-42CF-8504-D2DF9B1DE287}"
EndProject
Global
	GlobalSection(SolutionConfigurationPlatforms) = preSolution
		Debug|Any CPU = Debug|Any CPU
		Release|Any CPU = Release|Any CPU
	EndGlobalSection
	GlobalSection(ProjectConfigurationPlatforms) = postSolution
		{C778A803-FAD7-410A-B966-354A6F36E5C0}.Debug|Any CPU.ActiveCfg = Debug|Any CPU
		{C778A803-FAD7-410A-B966-354A6F36E5C0}.Debug|Any CPU.Build.0 = Debug|Any CPU
		{C778A803-FAD7-410A-B966-354A6F36E5C0}.Release|Any CPU.ActiveCfg = Release|Any CPU
		{C778A803-FAD7-410A-B966-354A6F36E5C0}.Release|Any CPU.Build.0 = Release|Any CPU
		{72889AE4-90D5-463F-8688-E282833F09A4}.Debug|Any CPU.ActiveCfg = Debug|Any CPU
		{72889AE4-90D5-463F-8688-E282833F09A4}.Debug|Any CPU.Build.0 = Debug|Any CPU
		{72889AE4-90D5-463F-8688-E282833F09A4}.Release|Any CPU.ActiveCfg = Release|Any CPU
		{72889AE4-90D5-463F-8688-E282833F09A4}.Release|Any CPU.Build.0 = Release|Any CPU
		{147534AD-4331-4C49-B9D2-524B4BDA8283}.Debug|Any CPU.ActiveCfg = Debug|Any CPU
		{147534AD-4331-4C49-B9D2-524B4BDA8283}.Debug|Any CPU.Build.0 = Debug|Any CPU
		{147534AD-4331-4C49-B9D2-524B4BDA8283}.Release|Any CPU.ActiveCfg = Release|Any CPU
		{147534AD-4331-4C49-B9D2-524B4BDA8283}.Release|Any CPU.Build.0 = Release|Any CPU
		{76CE4972-4692-44A9-8CA7-5FDA083DC48C}.Debug|Any CPU.ActiveCfg = Debug|Any CPU
		{76CE4972-4692-44A9-8CA7-5FDA083DC48C}.Debug|Any CPU.Build.0 = Debug|Any CPU
		{76CE4972-4692-44A9-8CA7-5FDA083DC48C}.Release|Any CPU.ActiveCfg = Release|Any CPU
		{76CE4972-4692-44A9-8CA7-5FDA083DC48C}.Release|Any CPU.Build.0 = Release|Any CPU
		{315363C1-BDB5-42CF-8504-D2DF9B1DE287}.Debug|Any CPU.ActiveCfg = Debug|Any CPU
		{315363C1-BDB5-42CF-8504-D2DF9B1DE287}.Debug|Any CPU.Build.0 = Debug|Any CPU
		{315363C1-BDB5-42CF-8504-D2DF9B1DE287}.Release|Any CPU.ActiveCfg = Release|Any CPU
		{315363C1-BDB5-42CF-8504-D2DF9B1DE287}.Release|Any CPU.Build.0 = Release|Any CPU
	EndGlobalSection
	GlobalSection(SolutionProperties) = preSolution
		HideSolutionNode = FALSE
	EndGlobalSection
	GlobalSection(ExtensibilityGlobals) = postSolution
		SolutionGuid = {B0D5367D-4B6E-4AF1-819E-B8F98EF758E5}
	EndGlobalSection
EndGlobal
