
Microsoft Visual Studio Solution File, Format Version 12.00
# Visual Studio 15
VisualStudioVersion = 15.0.28307.902
MinimumVisualStudioVersion = 10.0.40219.1
Project("{FAE04EC0-301F-11D3-BF4B-00C04F79EFBC}") = "mini_project_targil_3", "mini_project_targil_3\mini_project_targil_3.csproj", "{D41AF16A-1F3F-4A26-9B2F-B2702CD9147D}"
EndProject
Global
	GlobalSection(SolutionConfigurationPlatforms) = preSolution
		Debug|Any CPU = Debug|Any CPU
		Release|Any CPU = Release|Any CPU
	EndGlobalSection
	GlobalSection(ProjectConfigurationPlatforms) = postSolution
		{D41AF16A-1F3F-4A26-9B2F-B2702CD9147D}.Debug|Any CPU.ActiveCfg = Debug|Any CPU
		{D41AF16A-1F3F-4A26-9B2F-B2702CD9147D}.Debug|Any CPU.Build.0 = Debug|Any CPU
		{D41AF16A-1F3F-4A26-9B2F-B2702CD9147D}.Release|Any CPU.ActiveCfg = Release|Any CPU
		{D41AF16A-1F3F-4A26-9B2F-B2702CD9147D}.Release|Any CPU.Build.0 = Release|Any CPU
	EndGlobalSection
	GlobalSection(SolutionProperties) = preSolution
		HideSolutionNode = FALSE
	EndGlobalSection
	GlobalSection(ExtensibilityGlobals) = postSolution
		SolutionGuid = {A1768053-27F0-41EA-B515-04C041484B7C}
	EndGlobalSection
EndGlobal
