
Microsoft Visual Studio Solution File, Format Version 12.00
# Visual Studio 15
VisualStudioVersion = 15.0.28307.902
MinimumVisualStudioVersion = 10.0.40219.1
Project("{FAE04EC0-301F-11D3-BF4B-00C04F79EFBC}") = "mini_project_targil_2", "mini_project_targil_2\mini_project_targil_2.csproj", "{3A02DFEA-2185-4AAC-BC76-EF00D0AF93AA}"
EndProject
Global
	GlobalSection(SolutionConfigurationPlatforms) = preSolution
		Debug|Any CPU = Debug|Any CPU
		Release|Any CPU = Release|Any CPU
	EndGlobalSection
	GlobalSection(ProjectConfigurationPlatforms) = postSolution
		{3A02DFEA-2185-4AAC-BC76-EF00D0AF93AA}.Debug|Any CPU.ActiveCfg = Debug|Any CPU
		{3A02DFEA-2185-4AAC-BC76-EF00D0AF93AA}.Debug|Any CPU.Build.0 = Debug|Any CPU
		{3A02DFEA-2185-4AAC-BC76-EF00D0AF93AA}.Release|Any CPU.ActiveCfg = Release|Any CPU
		{3A02DFEA-2185-4AAC-BC76-EF00D0AF93AA}.Release|Any CPU.Build.0 = Release|Any CPU
	EndGlobalSection
	GlobalSection(SolutionProperties) = preSolution
		HideSolutionNode = FALSE
	EndGlobalSection
	GlobalSection(ExtensibilityGlobals) = postSolution
		SolutionGuid = {C210D82B-7A90-4500-8640-71E96F319787}
	EndGlobalSection
EndGlobal
